// !$*UTF8*$!
{
	archiveVersion = 1;
	classes = {
	};
	objectVersion = 77;
	objects = {

/* Begin PBXContainerItemProxy section */
		D96380EF2D4D84A90005F170 /* PBXContainerItemProxy */ = {
			isa = PBXContainerItemProxy;
			containerPortal = D96380D02D4D84A80005F170 /* Project object */;
			proxyType = 1;
			remoteGlobalIDString = D96380D72D4D84A80005F170;
			remoteInfo = PizzeriaApp;
		};
		D96380F92D4D84A90005F170 /* PBXContainerItemProxy */ = {
			isa = PBXContainerItemProxy;
			containerPortal = D96380D02D4D84A80005F170 /* Project object */;
			proxyType = 1;
			remoteGlobalIDString = D96380D72D4D84A80005F170;
			remoteInfo = PizzeriaApp;
		};
/* End PBXContainerItemProxy section */

/* Begin PBXFileReference section */
		D96380D82D4D84A80005F170 /* PizzeriaApp.app */ = {isa = PBXFileReference; explicitFileType = wrapper.application; includeInIndex = 0; path = PizzeriaApp.app; sourceTree = BUILT_PRODUCTS_DIR; };
		D96380EE2D4D84A90005F170 /* PizzeriaAppTests.xctest */ = {isa = PBXFileReference; explicitFileType = wrapper.cfbundle; includeInIndex = 0; path = PizzeriaAppTests.xctest; sourceTree = BUILT_PRODUCTS_DIR; };
		D96380F82D4D84A90005F170 /* PizzeriaAppUITests.xctest */ = {isa = PBXFileReference; explicitFileType = wrapper.cfbundle; includeInIndex = 0; path = PizzeriaAppUITests.xctest; sourceTree = BUILT_PRODUCTS_DIR; };
/* End PBXFileReference section */

/* Begin PBXFileSystemSynchronizedBuildFileExceptionSet section */
		D96381002D4D84A90005F170 /* Exceptions for "PizzeriaApp" folder in "PizzeriaApp" target */ = {
			isa = PBXFileSystemSynchronizedBuildFileExceptionSet;
			membershipExceptions = (
				Info.plist,
			);
			target = D96380D72D4D84A80005F170 /* PizzeriaApp */;
		};
/* End PBXFileSystemSynchronizedBuildFileExceptionSet section */

/* Begin PBXFileSystemSynchronizedRootGroup section */
		D96380DA2D4D84A80005F170 /* PizzeriaApp */ = {
			isa = PBXFileSystemSynchronizedRootGroup;
			exceptions = (
				D96381002D4D84A90005F170 /* Exceptions for "PizzeriaApp" folder in "PizzeriaApp" target */,
			);
			path = PizzeriaApp;
			sourceTree = "<group>";
		};
		D96380F12D4D84A90005F170 /* PizzeriaAppTests */ = {
			isa = PBXFileSystemSynchronizedRootGroup;
			path = PizzeriaAppTests;
			sourceTree = "<group>";
		};
		D96380FB2D4D84A90005F170 /* PizzeriaAppUITests */ = {
			isa = PBXFileSystemSynchronizedRootGroup;
			path = PizzeriaAppUITests;
			sourceTree = "<group>";
		};
/* End PBXFileSystemSynchronizedRootGroup section */

/* Begin PBXFrameworksBuildPhase section */
		D96380D52D4D84A80005F170 /* Frameworks */ = {
			isa = PBXFrameworksBuildPhase;
			buildActionMask = 2147483647;
			files = (
			);
			runOnlyForDeploymentPostprocessing = 0;
		};
		D96380EB2D4D84A90005F170 /* Frameworks */ = {
			isa = PBXFrameworksBuildPhase;
			buildActionMask = 2147483647;
			files = (
			);
			runOnlyForDeploymentPostprocessing = 0;
		};
		D96380F52D4D84A90005F170 /* Frameworks */ = {
			isa = PBXFrameworksBuildPhase;
			buildActionMask = 2147483647;
			files = (
			);
			runOnlyForDeploymentPostprocessing = 0;
		};
/* End PBXFrameworksBuildPhase section */

/* Begin PBXGroup section */
		D96380CF2D4D84A80005F170 = {
			isa = PBXGroup;
			children = (
				D96380DA2D4D84A80005F170 /* PizzeriaApp */,
				D96380F12D4D84A90005F170 /* PizzeriaAppTests */,
				D96380FB2D4D84A90005F170 /* PizzeriaAppUITests */,
				D96380D92D4D84A80005F170 /* Products */,
			);
			sourceTree = "<group>";
		};
		D96380D92D4D84A80005F170 /* Products */ = {
			isa = PBXGroup;
			children = (
				D96380D82D4D84A80005F170 /* PizzeriaApp.app */,
				D96380EE2D4D84A90005F170 /* PizzeriaAppTests.xctest */,
				D96380F82D4D84A90005F170 /* PizzeriaAppUITests.xctest */,
			);
			name = Products;
			sourceTree = "<group>";
		};
/* End PBXGroup section */

/* Begin PBXNativeTarget section */
		D96380D72D4D84A80005F170 /* PizzeriaApp */ = {
			isa = PBXNativeTarget;
			buildConfigurationList = D96381012D4D84A90005F170 /* Build configuration list for PBXNativeTarget "PizzeriaApp" */;
			buildPhases = (
				D96380D42D4D84A80005F170 /* Sources */,
				D96380D52D4D84A80005F170 /* Frameworks */,
				D96380D62D4D84A80005F170 /* Resources */,
			);
			buildRules = (
			);
			dependencies = (
			);
			fileSystemSynchronizedGroups = (
				D96380DA2D4D84A80005F170 /* PizzeriaApp */,
			);
			name = PizzeriaApp;
			packageProductDependencies = (
			);
			productName = PizzeriaApp;
			productReference = D96380D82D4D84A80005F170 /* PizzeriaApp.app */;
			productType = "com.apple.product-type.application";
		};
		D96380ED2D4D84A90005F170 /* PizzeriaAppTests */ = {
			isa = PBXNativeTarget;
			buildConfigurationList = D96381062D4D84A90005F170 /* Build configuration list for PBXNativeTarget "PizzeriaAppTests" */;
			buildPhases = (
				D96380EA2D4D84A90005F170 /* Sources */,
				D96380EB2D4D84A90005F170 /* Frameworks */,
				D96380EC2D4D84A90005F170 /* Resources */,
			);
			buildRules = (
			);
			dependencies = (
				D96380F02D4D84A90005F170 /* PBXTargetDependency */,
			);
			fileSystemSynchronizedGroups = (
				D96380F12D4D84A90005F170 /* PizzeriaAppTests */,
			);
			name = PizzeriaAppTests;
			packageProductDependencies = (
			);
			productName = PizzeriaAppTests;
			productReference = D96380EE2D4D84A90005F170 /* PizzeriaAppTests.xctest */;
			productType = "com.apple.product-type.bundle.unit-test";
		};
		D96380F72D4D84A90005F170 /* PizzeriaAppUITests */ = {
			isa = PBXNativeTarget;
			buildConfigurationList = D96381092D4D84A90005F170 /* Build configuration list for PBXNativeTarget "PizzeriaAppUITests" */;
			buildPhases = (
				D96380F42D4D84A90005F170 /* Sources */,
				D96380F52D4D84A90005F170 /* Frameworks */,
				D96380F62D4D84A90005F170 /* Resources */,
			);
			buildRules = (
			);
			dependencies = (
				D96380FA2D4D84A90005F170 /* PBXTargetDependency */,
			);
			fileSystemSynchronizedGroups = (
				D96380FB2D4D84A90005F170 /* PizzeriaAppUITests */,
			);
			name = PizzeriaAppUITests;
			packageProductDependencies = (
			);
			productName = PizzeriaAppUITests;
			productReference = D96380F82D4D84A90005F170 /* PizzeriaAppUITests.xctest */;
			productType = "com.apple.product-type.bundle.ui-testing";
		};
/* End PBXNativeTarget section */

/* Begin PBXProject section */
		D96380D02D4D84A80005F170 /* Project object */ = {
			isa = PBXProject;
			attributes = {
				BuildIndependentTargetsInParallel = 1;
				LastSwiftUpdateCheck = 1620;
				LastUpgradeCheck = 1620;
				TargetAttributes = {
					D96380D72D4D84A80005F170 = {
						CreatedOnToolsVersion = 16.2;
					};
					D96380ED2D4D84A90005F170 = {
						CreatedOnToolsVersion = 16.2;
						TestTargetID = D96380D72D4D84A80005F170;
					};
					D96380F72D4D84A90005F170 = {
						CreatedOnToolsVersion = 16.2;
						TestTargetID = D96380D72D4D84A80005F170;
					};
				};
			};
			buildConfigurationList = D96380D32D4D84A80005F170 /* Build configuration list for PBXProject "PizzeriaApp" */;
			developmentRegion = en;
			hasScannedForEncodings = 0;
			knownRegions = (
				en,
				Base,
			);
			mainGroup = D96380CF2D4D84A80005F170;
			minimizedProjectReferenceProxies = 1;
			preferredProjectObjectVersion = 77;
			productRefGroup = D96380D92D4D84A80005F170 /* Products */;
			projectDirPath = "";
			projectRoot = "";
			targets = (
				D96380D72D4D84A80005F170 /* PizzeriaApp */,
				D96380ED2D4D84A90005F170 /* PizzeriaAppTests */,
				D96380F72D4D84A90005F170 /* PizzeriaAppUITests */,
			);
		};
/* End PBXProject section */

/* Begin PBXResourcesBuildPhase section */
		D96380D62D4D84A80005F170 /* Resources */ = {
			isa = PBXResourcesBuildPhase;
			buildActionMask = 2147483647;
			files = (
			);
			runOnlyForDeploymentPostprocessing = 0;
		};
		D96380EC2D4D84A90005F170 /* Resources */ = {
			isa = PBXResourcesBuildPhase;
			buildActionMask = 2147483647;
			files = (
			);
			runOnlyForDeploymentPostprocessing = 0;
		};
		D96380F62D4D84A90005F170 /* Resources */ = {
			isa = PBXResourcesBuildPhase;
			buildActionMask = 2147483647;
			files = (
			);
			runOnlyForDeploymentPostprocessing = 0;
		};
/* End PBXResourcesBuildPhase section */

/* Begin PBXSourcesBuildPhase section */
		D96380D42D4D84A80005F170 /* Sources */ = {
			isa = PBXSourcesBuildPhase;
			buildActionMask = 2147483647;
			files = (
			);
			runOnlyForDeploymentPostprocessing = 0;
		};
		D96380EA2D4D84A90005F170 /* Sources */ = {
			isa = PBXSourcesBuildPhase;
			buildActionMask = 2147483647;
			files = (
			);
			runOnlyForDeploymentPostprocessing = 0;
		};
		D96380F42D4D84A90005F170 /* Sources */ = {
			isa = PBXSourcesBuildPhase;
			buildActionMask = 2147483647;
			files = (
			);
			runOnlyForDeploymentPostprocessing = 0;
		};
/* End PBXSourcesBuildPhase section */

/* Begin PBXTargetDependency section */
		D96380F02D4D84A90005F170 /* PBXTargetDependency */ = {
			isa = PBXTargetDependency;
			target = D96380D72D4D84A80005F170 /* PizzeriaApp */;
			targetProxy = D96380EF2D4D84A90005F170 /* PBXContainerItemProxy */;
		};
		D96380FA2D4D84A90005F170 /* PBXTargetDependency */ = {
			isa = PBXTargetDependency;
			target = D96380D72D4D84A80005F170 /* PizzeriaApp */;
			targetProxy = D96380F92D4D84A90005F170 /* PBXContainerItemProxy */;
		};
/* End PBXTargetDependency section */

/* Begin XCBuildConfiguration section */
		D96381022D4D84A90005F170 /* Debug */ = {
			isa = XCBuildConfiguration;
			buildSettings = {
				ASSETCATALOG_COMPILER_APPICON_NAME = AppIcon;
				ASSETCATALOG_COMPILER_GLOBAL_ACCENT_COLOR_NAME = AccentColor;
				CODE_SIGN_STYLE = Automatic;
				CURRENT_PROJECT_VERSION = 1;
				GENERATE_INFOPLIST_FILE = YES;
				INFOPLIST_FILE = PizzeriaApp/Info.plist;
				INFOPLIST_KEY_UIApplicationSupportsIndirectInputEvents = YES;
				INFOPLIST_KEY_UILaunchStoryboardName = LaunchScreen;
				INFOPLIST_KEY_UIMainStoryboardFile = Main;
				INFOPLIST_KEY_UISupportedInterfaceOrientations_iPad = "UIInterfaceOrientationPortrait UIInterfaceOrientationPortraitUpsideDown UIInterfaceOrientationLandscapeLeft UIInterfaceOrientationLandscapeRight";
				INFOPLIST_KEY_UISupportedInterfaceOrientations_iPhone = "UIInterfaceOrientationPortrait UIInterfaceOrientationLandscapeLeft UIInterfaceOrientationLandscapeRight";
				IPHONEOS_DEPLOYMENT_TARGET = 18.0;
				LD_RUNPATH_SEARCH_PATHS = (
					"$(inherited)",
					"@executable_path/Frameworks",
				);
				MARKETING_VERSION = 1.0;
				PRODUCT_BUNDLE_IDENTIFIER = unam.PizzeriaApp;
				PRODUCT_NAME = "$(TARGET_NAME)";
				SWIFT_EMIT_LOC_STRINGS = YES;
				SWIFT_VERSION = 5.0;
				TARGETED_DEVICE_FAMILY = "1,2";
			};
			name = Debug;
		};
		D96381032D4D84A90005F170 /* Release */ = {
			isa = XCBuildConfiguration;
			buildSettings = {
				ASSETCATALOG_COMPILER_APPICON_NAME = AppIcon;
				ASSETCATALOG_COMPILER_GLOBAL_ACCENT_COLOR_NAME = AccentColor;
				CODE_SIGN_STYLE = Automatic;
				CURRENT_PROJECT_VERSION = 1;
				GENERATE_INFOPLIST_FILE = YES;
				INFOPLIST_FILE = PizzeriaApp/Info.plist;
				INFOPLIST_KEY_UIApplicationSupportsIndirectInputEvents = YES;
				INFOPLIST_KEY_UILaunchStoryboardName = LaunchScreen;
				INFOPLIST_KEY_UIMainStoryboardFile = Main;
				INFOPLIST_KEY_UISupportedInterfaceOrientations_iPad = "UIInterfaceOrientationPortrait UIInterfaceOrientationPortraitUpsideDown UIInterfaceOrientationLandscapeLeft UIInterfaceOrientationLandscapeRight";
				INFOPLIST_KEY_UISupportedInterfaceOrientations_iPhone = "UIInterfaceOrientationPortrait UIInterfaceOrientationLandscapeLeft UIInterfaceOrientationLandscapeRight";
				IPHONEOS_DEPLOYMENT_TARGET = 18.0;
				LD_RUNPATH_SEARCH_PATHS = (
					"$(inherited)",
					"@executable_path/Frameworks",
				);
				MARKETING_VERSION = 1.0;
				PRODUCT_BUNDLE_IDENTIFIER = unam.PizzeriaApp;
				PRODUCT_NAME = "$(TARGET_NAME)";
				SWIFT_EMIT_LOC_STRINGS = YES;
				SWIFT_VERSION = 5.0;
				TARGETED_DEVICE_FAMILY = "1,2";
			};
			name = Release;
		};
		D96381042D4D84A90005F170 /* Debug */ = {
			isa = XCBuildConfiguration;
			buildSettings = {
				ALWAYS_SEARCH_USER_PATHS = NO;
				ASSETCATALOG_COMPILER_GENERATE_SWIFT_ASSET_SYMBOL_EXTENSIONS = YES;
				CLANG_ANALYZER_NONNULL = YES;
				CLANG_ANALYZER_NUMBER_OBJECT_CONVERSION = YES_AGGRESSIVE;
				CLANG_CXX_LANGUAGE_STANDARD = "gnu++20";
				CLANG_ENABLE_MODULES = YES;
				CLANG_ENABLE_OBJC_ARC = YES;
				CLANG_ENABLE_OBJC_WEAK = YES;
				CLANG_WARN_BLOCK_CAPTURE_AUTORELEASING = YES;
				CLANG_WARN_BOOL_CONVERSION = YES;
				CLANG_WARN_COMMA = YES;
				CLANG_WARN_CONSTANT_CONVERSION = YES;
				CLANG_WARN_DEPRECATED_OBJC_IMPLEMENTATIONS = YES;
				CLANG_WARN_DIRECT_OBJC_ISA_USAGE = YES_ERROR;
				CLANG_WARN_DOCUMENTATION_COMMENTS = YES;
				CLANG_WARN_EMPTY_BODY = YES;
				CLANG_WARN_ENUM_CONVERSION = YES;
				CLANG_WARN_INFINITE_RECURSION = YES;
				CLANG_WARN_INT_CONVERSION = YES;
				CLANG_WARN_NON_LITERAL_NULL_CONVERSION = YES;
				CLANG_WARN_OBJC_IMPLICIT_RETAIN_SELF = YES;
				CLANG_WARN_OBJC_LITERAL_CONVERSION = YES;
				CLANG_WARN_OBJC_ROOT_CLASS = YES_ERROR;
				CLANG_WARN_QUOTED_INCLUDE_IN_FRAMEWORK_HEADER = YES;
				CLANG_WARN_RANGE_LOOP_ANALYSIS = YES;
				CLANG_WARN_STRICT_PROTOTYPES = YES;
				CLANG_WARN_SUSPICIOUS_MOVE = YES;
				CLANG_WARN_UNGUARDED_AVAILABILITY = YES_AGGRESSIVE;
				CLANG_WARN_UNREACHABLE_CODE = YES;
				CLANG_WARN__DUPLICATE_METHOD_MATCH = YES;
				COPY_PHASE_STRIP = NO;
				DEBUG_INFORMATION_FORMAT = dwarf;
				ENABLE_STRICT_OBJC_MSGSEND = YES;
				ENABLE_TESTABILITY = YES;
				ENABLE_USER_SCRIPT_SANDBOXING = YES;
				GCC_C_LANGUAGE_STANDARD = gnu17;
				GCC_DYNAMIC_NO_PIC = NO;
				GCC_NO_COMMON_BLOCKS = YES;
				GCC_OPTIMIZATION_LEVEL = 0;
				GCC_PREPROCESSOR_DEFINITIONS = (
					"DEBUG=1",
					"$(inherited)",
				);
				GCC_WARN_64_TO_32_BIT_CONVERSION = YES;
				GCC_WARN_ABOUT_RETURN_TYPE = YES_ERROR;
				GCC_WARN_UNDECLARED_SELECTOR = YES;
				GCC_WARN_UNINITIALIZED_AUTOS = YES_AGGRESSIVE;
				GCC_WARN_UNUSED_FUNCTION = YES;
				GCC_WARN_UNUSED_VARIABLE = YES;
				IPHONEOS_DEPLOYMENT_TARGET = 18.2;
				LOCALIZATION_PREFERS_STRING_CATALOGS = YES;
				MTL_ENABLE_DEBUG_INFO = INCLUDE_SOURCE;
				MTL_FAST_MATH = YES;
				ONLY_ACTIVE_ARCH = YES;
				SDKROOT = iphoneos;
				SWIFT_ACTIVE_COMPILATION_CONDITIONS = "DEBUG $(inherited)";
				SWIFT_OPTIMIZATION_LEVEL = "-Onone";
			};
			name = Debug;
		};
		D96381052D4D84A90005F170 /* Release */ = {
			isa = XCBuildConfiguration;
			buildSettings = {
				ALWAYS_SEARCH_USER_PATHS = NO;
				ASSETCATALOG_COMPILER_GENERATE_SWIFT_ASSET_SYMBOL_EXTENSIONS = YES;
				CLANG_ANALYZER_NONNULL = YES;
				CLANG_ANALYZER_NUMBER_OBJECT_CONVERSION = YES_AGGRESSIVE;
				CLANG_CXX_LANGUAGE_STANDARD = "gnu++20";
				CLANG_ENABLE_MODULES = YES;
				CLANG_ENABLE_OBJC_ARC = YES;
				CLANG_ENABLE_OBJC_WEAK = YES;
				CLANG_WARN_BLOCK_CAPTURE_AUTORELEASING = YES;
				CLANG_WARN_BOOL_CONVERSION = YES;
				CLANG_WARN_COMMA = YES;
				CLANG_WARN_CONSTANT_CONVERSION = YES;
				CLANG_WARN_DEPRECATED_OBJC_IMPLEMENTATIONS = YES;
				CLANG_WARN_DIRECT_OBJC_ISA_USAGE = YES_ERROR;
				CLANG_WARN_DOCUMENTATION_COMMENTS = YES;
				CLANG_WARN_EMPTY_BODY = YES;
				CLANG_WARN_ENUM_CONVERSION = YES;
				CLANG_WARN_INFINITE_RECURSION = YES;
				CLANG_WARN_INT_CONVERSION = YES;
				CLANG_WARN_NON_LITERAL_NULL_CONVERSION = YES;
				CLANG_WARN_OBJC_IMPLICIT_RETAIN_SELF = YES;
				CLANG_WARN_OBJC_LITERAL_CONVERSION = YES;
				CLANG_WARN_OBJC_ROOT_CLASS = YES_ERROR;
				CLANG_WARN_QUOTED_INCLUDE_IN_FRAMEWORK_HEADER = YES;
				CLANG_WARN_RANGE_LOOP_ANALYSIS = YES;
				CLANG_WARN_STRICT_PROTOTYPES = YES;
				CLANG_WARN_SUSPICIOUS_MOVE = YES;
				CLANG_WARN_UNGUARDED_AVAILABILITY = YES_AGGRESSIVE;
				CLANG_WARN_UNREACHABLE_CODE = YES;
				CLANG_WARN__DUPLICATE_METHOD_MATCH = YES;
				COPY_PHASE_STRIP = NO;
				DEBUG_INFORMATION_FORMAT = "dwarf-with-dsym";
				ENABLE_NS_ASSERTIONS = NO;
				ENABLE_STRICT_OBJC_MSGSEND = YES;
				ENABLE_USER_SCRIPT_SANDBOXING = YES;
				GCC_C_LANGUAGE_STANDARD = gnu17;
				GCC_NO_COMMON_BLOCKS = YES;
				GCC_WARN_64_TO_32_BIT_CONVERSION = YES;
				GCC_WARN_ABOUT_RETURN_TYPE = YES_ERROR;
				GCC_WARN_UNDECLARED_SELECTOR = YES;
				GCC_WARN_UNINITIALIZED_AUTOS = YES_AGGRESSIVE;
				GCC_WARN_UNUSED_FUNCTION = YES;
				GCC_WARN_UNUSED_VARIABLE = YES;
				IPHONEOS_DEPLOYMENT_TARGET = 18.2;
				LOCALIZATION_PREFERS_STRING_CATALOGS = YES;
				MTL_ENABLE_DEBUG_INFO = NO;
				MTL_FAST_MATH = YES;
				SDKROOT = iphoneos;
				SWIFT_COMPILATION_MODE = wholemodule;
				VALIDATE_PRODUCT = YES;
			};
			name = Release;
		};
		D96381072D4D84A90005F170 /* Debug */ = {
			isa = XCBuildConfiguration;
			buildSettings = {
				BUNDLE_LOADER = "$(TEST_HOST)";
				CODE_SIGN_STYLE = Automatic;
				CURRENT_PROJECT_VERSION = 1;
				GENERATE_INFOPLIST_FILE = YES;
				IPHONEOS_DEPLOYMENT_TARGET = 18.2;
				MARKETING_VERSION = 1.0;
				PRODUCT_BUNDLE_IDENTIFIER = unam.PizzeriaAppTests;
				PRODUCT_NAME = "$(TARGET_NAME)";
				SWIFT_EMIT_LOC_STRINGS = NO;
				SWIFT_VERSION = 5.0;
				TARGETED_DEVICE_FAMILY = "1,2";
				TEST_HOST = "$(BUILT_PRODUCTS_DIR)/PizzeriaApp.app/$(BUNDLE_EXECUTABLE_FOLDER_PATH)/PizzeriaApp";
			};
			name = Debug;
		};
		D96381082D4D84A90005F170 /* Release */ = {
			isa = XCBuildConfiguration;
			buildSettings = {
				BUNDLE_LOADER = "$(TEST_HOST)";
				CODE_SIGN_STYLE = Automatic;
				CURRENT_PROJECT_VERSION = 1;
				GENERATE_INFOPLIST_FILE = YES;
				IPHONEOS_DEPLOYMENT_TARGET = 18.2;
				MARKETING_VERSION = 1.0;
				PRODUCT_BUNDLE_IDENTIFIER = unam.PizzeriaAppTests;
				PRODUCT_NAME = "$(TARGET_NAME)";
				SWIFT_EMIT_LOC_STRINGS = NO;
				SWIFT_VERSION = 5.0;
				TARGETED_DEVICE_FAMILY = "1,2";
				TEST_HOST = "$(BUILT_PRODUCTS_DIR)/PizzeriaApp.app/$(BUNDLE_EXECUTABLE_FOLDER_PATH)/PizzeriaApp";
			};
			name = Release;
		};
		D963810A2D4D84A90005F170 /* Debug */ = {
			isa = XCBuildConfiguration;
			buildSettings = {
				CODE_SIGN_STYLE = Automatic;
				CURRENT_PROJECT_VERSION = 1;
				GENERATE_INFOPLIST_FILE = YES;
				MARKETING_VERSION = 1.0;
				PRODUCT_BUNDLE_IDENTIFIER = unam.PizzeriaAppUITests;
				PRODUCT_NAME = "$(TARGET_NAME)";
				SWIFT_EMIT_LOC_STRINGS = NO;
				SWIFT_VERSION = 5.0;
				TARGETED_DEVICE_FAMILY = "1,2";
				TEST_TARGET_NAME = PizzeriaApp;
			};
			name = Debug;
		};
		D963810B2D4D84A90005F170 /* Release */ = {
			isa = XCBuildConfiguration;
			buildSettings = {
				CODE_SIGN_STYLE = Automatic;
				CURRENT_PROJECT_VERSION = 1;
				GENERATE_INFOPLIST_FILE = YES;
				MARKETING_VERSION = 1.0;
				PRODUCT_BUNDLE_IDENTIFIER = unam.PizzeriaAppUITests;
				PRODUCT_NAME = "$(TARGET_NAME)";
				SWIFT_EMIT_LOC_STRINGS = NO;
				SWIFT_VERSION = 5.0;
				TARGETED_DEVICE_FAMILY = "1,2";
				TEST_TARGET_NAME = PizzeriaApp;
			};
			name = Release;
		};
/* End XCBuildConfiguration section */

/* Begin XCConfigurationList section */
		D96380D32D4D84A80005F170 /* Build configuration list for PBXProject "PizzeriaApp" */ = {
			isa = XCConfigurationList;
			buildConfigurations = (
				D96381042D4D84A90005F170 /* Debug */,
				D96381052D4D84A90005F170 /* Release */,
			);
			defaultConfigurationIsVisible = 0;
			defaultConfigurationName = Release;
		};
		D96381012D4D84A90005F170 /* Build configuration list for PBXNativeTarget "PizzeriaApp" */ = {
			isa = XCConfigurationList;
			buildConfigurations = (
				D96381022D4D84A90005F170 /* Debug */,
				D96381032D4D84A90005F170 /* Release */,
			);
			defaultConfigurationIsVisible = 0;
			defaultConfigurationName = Release;
		};
		D96381062D4D84A90005F170 /* Build configuration list for PBXNativeTarget "PizzeriaAppTests" */ = {
			isa = XCConfigurationList;
			buildConfigurations = (
				D96381072D4D84A90005F170 /* Debug */,
				D96381082D4D84A90005F170 /* Release */,
			);
			defaultConfigurationIsVisible = 0;
			defaultConfigurationName = Release;
		};
		D96381092D4D84A90005F170 /* Build configuration list for PBXNativeTarget "PizzeriaAppUITests" */ = {
			isa = XCConfigurationList;
			buildConfigurations = (
				D963810A2D4D84A90005F170 /* Debug */,
				D963810B2D4D84A90005F170 /* Release */,
			);
			defaultConfigurationIsVisible = 0;
			defaultConfigurationName = Release;
		};
/* End XCConfigurationList section */
	};
	rootObject = D96380D02D4D84A80005F170 /* Project object */;
}
